
Microsoft Visual Studio Solution File, Format Version 12.00
# Visual Studio Version 16
VisualStudioVersion = 16.0.30907.101
MinimumVisualStudioVersion = 10.0.40219.1
Project("{FAE04EC0-301F-11D3-BF4B-00C04F79EFBC}") = "P1-AP1-Kelvin-20180193", "P1-AP1-Kelvin-20180193.csproj", "{39EB9138-BEBA-4188-B54E-5D9FDD5E799D}"
EndProject
Global
	GlobalSection(SolutionConfigurationPlatforms) = preSolution
		Debug|Any CPU = Debug|Any CPU
		Release|Any CPU = Release|Any CPU
	EndGlobalSection
	GlobalSection(ProjectConfigurationPlatforms) = postSolution
		{39EB9138-BEBA-4188-B54E-5D9FDD5E799D}.Debug|Any CPU.ActiveCfg = Debug|Any CPU
		{39EB9138-BEBA-4188-B54E-5D9FDD5E799D}.Debug|Any CPU.Build.0 = Debug|Any CPU
		{39EB9138-BEBA-4188-B54E-5D9FDD5E799D}.Release|Any CPU.ActiveCfg = Release|Any CPU
		{39EB9138-BEBA-4188-B54E-5D9FDD5E799D}.Release|Any CPU.Build.0 = Release|Any CPU
	EndGlobalSection
	GlobalSection(SolutionProperties) = preSolution
		HideSolutionNode = FALSE
	EndGlobalSection
	GlobalSection(ExtensibilityGlobals) = postSolution
		SolutionGuid = {D30B271D-7108-4491-A960-CC2B314D6B89}
	EndGlobalSection
EndGlobal
